
Microsoft Visual Studio Solution File, Format Version 12.00
# Visual Studio 2013
VisualStudioVersion = 12.0.31101.0
MinimumVisualStudioVersion = 10.0.40219.1
Project("{FAE04EC0-301F-11D3-BF4B-00C04F79EFBC}") = "RP.Math.Vector3", "RP.Math.Vector3\RP.Math.Vector3.csproj", "{807FD959-E9BD-4C60-8A32-5BB04B8E79E0}"
EndProject
Project("{FAE04EC0-301F-11D3-BF4B-00C04F79EFBC}") = "RP.Math.Vector3.ComparisonHarness", "RP.Math.Vector3.ComparisonHarness\RP.Math.Vector3.ComparisonHarness.csproj", "{29ADFB9E-28E8-41CB-8BB7-875B0C326EEA}"
EndProject
Project("{FAE04EC0-301F-11D3-BF4B-00C04F79EFBC}") = "RP.Math.Tests", "RP.Math.Vector3.Tests\RP.Math.Tests.csproj", "{81449F7F-67D3-44EE-8D1D-C9B39A76E6CC}"
EndProject
Project("{FAE04EC0-301F-11D3-BF4B-00C04F79EFBC}") = "RP.Math", "RP.Math\RP.Math.csproj", "{AE16868E-5A0F-4CC7-BAEF-B3F1536D793D}"
EndProject
Project("{2150E333-8FDC-42A3-9474-1A3956D46DE8}") = ".nuget", ".nuget", "{5170B257-C950-49D4-B266-307BF49AEF04}"
	ProjectSection(SolutionItems) = preProject
		.nuget\NuGet.Config = .nuget\NuGet.Config
		.nuget\NuGet.exe = .nuget\NuGet.exe
		.nuget\NuGet.targets = .nuget\NuGet.targets
	EndProjectSection
EndProject
Project("{FAE04EC0-301F-11D3-BF4B-00C04F79EFBC}") = "RP.Math.Demo.SharpDx", "RP.Math.Demo.SharpDx\RP.Math.Demo.SharpDx.csproj", "{911E761E-956E-4F9C-8BC1-B74A74EB9906}"
EndProject
Global
	GlobalSection(SolutionConfigurationPlatforms) = preSolution
		Debug|Any CPU = Debug|Any CPU
		Release|Any CPU = Release|Any CPU
	EndGlobalSection
	GlobalSection(ProjectConfigurationPlatforms) = postSolution
		{807FD959-E9BD-4C60-8A32-5BB04B8E79E0}.Debug|Any CPU.ActiveCfg = Debug|Any CPU
		{807FD959-E9BD-4C60-8A32-5BB04B8E79E0}.Debug|Any CPU.Build.0 = Debug|Any CPU
		{807FD959-E9BD-4C60-8A32-5BB04B8E79E0}.Release|Any CPU.ActiveCfg = Release|Any CPU
		{807FD959-E9BD-4C60-8A32-5BB04B8E79E0}.Release|Any CPU.Build.0 = Release|Any CPU
		{29ADFB9E-28E8-41CB-8BB7-875B0C326EEA}.Debug|Any CPU.ActiveCfg = Debug|Any CPU
		{29ADFB9E-28E8-41CB-8BB7-875B0C326EEA}.Debug|Any CPU.Build.0 = Debug|Any CPU
		{29ADFB9E-28E8-41CB-8BB7-875B0C326EEA}.Release|Any CPU.ActiveCfg = Release|Any CPU
		{29ADFB9E-28E8-41CB-8BB7-875B0C326EEA}.Release|Any CPU.Build.0 = Release|Any CPU
		{81449F7F-67D3-44EE-8D1D-C9B39A76E6CC}.Debug|Any CPU.ActiveCfg = Debug|Any CPU
		{81449F7F-67D3-44EE-8D1D-C9B39A76E6CC}.Debug|Any CPU.Build.0 = Debug|Any CPU
		{81449F7F-67D3-44EE-8D1D-C9B39A76E6CC}.Release|Any CPU.ActiveCfg = Release|Any CPU
		{81449F7F-67D3-44EE-8D1D-C9B39A76E6CC}.Release|Any CPU.Build.0 = Release|Any CPU
		{AE16868E-5A0F-4CC7-BAEF-B3F1536D793D}.Debug|Any CPU.ActiveCfg = Debug|Any CPU
		{AE16868E-5A0F-4CC7-BAEF-B3F1536D793D}.Debug|Any CPU.Build.0 = Debug|Any CPU
		{AE16868E-5A0F-4CC7-BAEF-B3F1536D793D}.Release|Any CPU.ActiveCfg = Release|Any CPU
		{AE16868E-5A0F-4CC7-BAEF-B3F1536D793D}.Release|Any CPU.Build.0 = Release|Any CPU
		{911E761E-956E-4F9C-8BC1-B74A74EB9906}.Debug|Any CPU.ActiveCfg = Debug|Any CPU
		{911E761E-956E-4F9C-8BC1-B74A74EB9906}.Debug|Any CPU.Build.0 = Debug|Any CPU
		{911E761E-956E-4F9C-8BC1-B74A74EB9906}.Release|Any CPU.ActiveCfg = Release|Any CPU
		{911E761E-956E-4F9C-8BC1-B74A74EB9906}.Release|Any CPU.Build.0 = Release|Any CPU
	EndGlobalSection
	GlobalSection(SolutionProperties) = preSolution
		HideSolutionNode = FALSE
	EndGlobalSection
EndGlobal
